
Microsoft Visual Studio Solution File, Format Version 12.00
# Visual Studio 15
VisualStudioVersion = 15.0.26403.7
MinimumVisualStudioVersion = 10.0.40219.1
Project("{8BC9CEB8-8B4A-11D0-8D11-00A0C91BC942}") = "remotecmd", "pipcmd\pipcmd.vcxproj", "{BCC6F131-5E65-43C8-8681-493B545DC1C6}"
EndProject
Project("{8BC9CEB8-8B4A-11D0-8D11-00A0C91BC942}") = "sockettest", "sockettest\sockettest.vcxproj", "{001E8F43-B4D9-429E-8262-9BD8D67064FB}"
EndProject
Global
	GlobalSection(SolutionConfigurationPlatforms) = preSolution
		Debug|x64 = Debug|x64
		Debug|x86 = Debug|x86
		Release|x64 = Release|x64
		Release|x86 = Release|x86
	EndGlobalSection
	GlobalSection(ProjectConfigurationPlatforms) = postSolution
		{BCC6F131-5E65-43C8-8681-493B545DC1C6}.Debug|x64.ActiveCfg = Debug|x64
		{BCC6F131-5E65-43C8-8681-493B545DC1C6}.Debug|x64.Build.0 = Debug|x64
		{BCC6F131-5E65-43C8-8681-493B545DC1C6}.Debug|x86.ActiveCfg = Debug|Win32
		{BCC6F131-5E65-43C8-8681-493B545DC1C6}.Debug|x86.Build.0 = Debug|Win32
		{BCC6F131-5E65-43C8-8681-493B545DC1C6}.Release|x64.ActiveCfg = Release|x64
		{BCC6F131-5E65-43C8-8681-493B545DC1C6}.Release|x64.Build.0 = Release|x64
		{BCC6F131-5E65-43C8-8681-493B545DC1C6}.Release|x86.ActiveCfg = Release|Win32
		{BCC6F131-5E65-43C8-8681-493B545DC1C6}.Release|x86.Build.0 = Release|Win32
		{001E8F43-B4D9-429E-8262-9BD8D67064FB}.Debug|x64.ActiveCfg = Debug|x64
		{001E8F43-B4D9-429E-8262-9BD8D67064FB}.Debug|x64.Build.0 = Debug|x64
		{001E8F43-B4D9-429E-8262-9BD8D67064FB}.Debug|x86.ActiveCfg = Debug|Win32
		{001E8F43-B4D9-429E-8262-9BD8D67064FB}.Debug|x86.Build.0 = Debug|Win32
		{001E8F43-B4D9-429E-8262-9BD8D67064FB}.Release|x64.ActiveCfg = Release|x64
		{001E8F43-B4D9-429E-8262-9BD8D67064FB}.Release|x64.Build.0 = Release|x64
		{001E8F43-B4D9-429E-8262-9BD8D67064FB}.Release|x86.ActiveCfg = Release|Win32
		{001E8F43-B4D9-429E-8262-9BD8D67064FB}.Release|x86.Build.0 = Release|Win32
	EndGlobalSection
	GlobalSection(SolutionProperties) = preSolution
		HideSolutionNode = FALSE
	EndGlobalSection
EndGlobal
